
Microsoft Visual Studio Solution File, Format Version 12.00
# Visual Studio Version 17
VisualStudioVersion = 17.0.32002.185
MinimumVisualStudioVersion = 10.0.40219.1
Project("{9A19103F-16F7-4668-BE54-9A1E7A4F7556}") = "Games Library Project", "Games Library Project\Games Library Project.csproj", "{AEC6FA43-9DCC-4295-8770-809DA3A0061B}"
EndProject
Global
	GlobalSection(SolutionConfigurationPlatforms) = preSolution
		Debug|Any CPU = Debug|Any CPU
		Release|Any CPU = Release|Any CPU
	EndGlobalSection
	GlobalSection(ProjectConfigurationPlatforms) = postSolution
		{AEC6FA43-9DCC-4295-8770-809DA3A0061B}.Debug|Any CPU.ActiveCfg = Debug|Any CPU
		{AEC6FA43-9DCC-4295-8770-809DA3A0061B}.Debug|Any CPU.Build.0 = Debug|Any CPU
		{AEC6FA43-9DCC-4295-8770-809DA3A0061B}.Release|Any CPU.ActiveCfg = Release|Any CPU
		{AEC6FA43-9DCC-4295-8770-809DA3A0061B}.Release|Any CPU.Build.0 = Release|Any CPU
	EndGlobalSection
	GlobalSection(SolutionProperties) = preSolution
		HideSolutionNode = FALSE
	EndGlobalSection
	GlobalSection(ExtensibilityGlobals) = postSolution
		SolutionGuid = {D557378B-5DC5-4C95-82E8-E8BF078F86A6}
	EndGlobalSection
EndGlobal
